{
  "name": "openclaw-geo-seo-audit-skill",
  "version": "0.1.0",
  "lockfileVersion": 3,
  "requires": true,
  "packages": {
    "": {
      "name": "openclaw-geo-seo-audit-skill",
      "version": "0.1.0",
      "workspaces": [
        "packages/*"
      ],
      "engines": {
        "node": ">=20"
      }
    },
    "node_modules/openclaw-geo-seo-audit": {
      "resolved": "packages/cli",
      "link": true
    },
    "packages/cli": {
      "name": "openclaw-geo-seo-audit",
      "version": "0.3.0",
      "license": "MIT",
      "bin": {
        "openclaw-geo-seo-audit": "src/index.mjs"
      },
      "engines": {
        "node": ">=20"
      },
      "peerDependencies": {
        "playwright": ">=1.40.0"
      },
      "peerDependenciesMeta": {
        "playwright": {
          "optional": true
        }
      }
    }
  }
}
